
Microsoft Visual Studio Solution File, Format Version 12.00
# Visual Studio 14
VisualStudioVersion = 14.0.24720.0
MinimumVisualStudioVersion = 10.0.40219.1
Project("{FAE04EC0-301F-11D3-BF4B-00C04F79EFBC}") = "Lines2", "Lines2\Lines2.csproj", "{BE9791AA-5CDD-4151-9157-3805C89DC2BB}"
EndProject
Global
	GlobalSection(SolutionConfigurationPlatforms) = preSolution
		Debug|Any CPU = Debug|Any CPU
		Release|Any CPU = Release|Any CPU
	EndGlobalSection
	GlobalSection(ProjectConfigurationPlatforms) = postSolution
		{BE9791AA-5CDD-4151-9157-3805C89DC2BB}.Debug|Any CPU.ActiveCfg = Debug|Any CPU
		{BE9791AA-5CDD-4151-9157-3805C89DC2BB}.Debug|Any CPU.Build.0 = Debug|Any CPU
		{BE9791AA-5CDD-4151-9157-3805C89DC2BB}.Release|Any CPU.ActiveCfg = Release|Any CPU
		{BE9791AA-5CDD-4151-9157-3805C89DC2BB}.Release|Any CPU.Build.0 = Release|Any CPU
	EndGlobalSection
	GlobalSection(SolutionProperties) = preSolution
		HideSolutionNode = FALSE
	EndGlobalSection
EndGlobal
